
Microsoft Visual Studio Solution File, Format Version 12.00
# Visual Studio 14
VisualStudioVersion = 14.0.25123.0
MinimumVisualStudioVersion = 10.0.40219.1
Project("{2150E333-8FDC-42A3-9474-1A3956D46DE8}") = "src", "src", "{060D0688-A2B6-4170-9C24-F566C330E6A9}"
EndProject
Project("{2150E333-8FDC-42A3-9474-1A3956D46DE8}") = "Solution Items", "Solution Items", "{025E1337-9DFC-46FD-B98E-398B0485EC02}"
	ProjectSection(SolutionItems) = preProject
		global.json = global.json
	EndProjectSection
EndProject
Project("{8BB2217D-0F2D-49D1-97BC-3654ED321F3B}") = "Pandorum", "src\Pandorum\Pandorum.xproj", "{EC5AE772-2AEE-4645-AD74-C21BA9B5D472}"
EndProject
Project("{8BB2217D-0F2D-49D1-97BC-3654ED321F3B}") = "Pandorum.Core.Pooling", "src\Pandorum.Core.Pooling\Pandorum.Core.Pooling.xproj", "{C225A319-4473-472B-AB3F-72A667D0C2DA}"
EndProject
Project("{8BB2217D-0F2D-49D1-97BC-3654ED321F3B}") = "Pandorum.Core.Net", "src\Pandorum.Core.Net\Pandorum.Core.Net.xproj", "{121BACB5-D5D8-4F58-BEC0-141CFFDA70C1}"
EndProject
Project("{8BB2217D-0F2D-49D1-97BC-3654ED321F3B}") = "Pandorum.Core.Cryptography", "src\Pandorum.Core.Cryptography\Pandorum.Core.Cryptography.xproj", "{90F978D6-5448-4DF8-9B09-77D3420F2246}"
EndProject
Project("{2150E333-8FDC-42A3-9474-1A3956D46DE8}") = "test", "test", "{0FC45687-BA07-4651-9FBF-2C4694B46B2C}"
EndProject
Project("{8BB2217D-0F2D-49D1-97BC-3654ED321F3B}") = "Pandorum.Core.Pooling.Tests", "test\Pandorum.Core.Pooling.Tests\Pandorum.Core.Pooling.Tests.xproj", "{8E0E8EC1-CBB9-48D0-B17F-39D8C407B6A7}"
EndProject
Project("{8BB2217D-0F2D-49D1-97BC-3654ED321F3B}") = "Pandorum.Core.Cryptography.Tests", "test\Pandorum.Core.Cryptography.Tests\Pandorum.Core.Cryptography.Tests.xproj", "{AE7E29D3-F405-447E-9553-D770A6F3C84E}"
EndProject
Global
	GlobalSection(SolutionConfigurationPlatforms) = preSolution
		Debug|Any CPU = Debug|Any CPU
		Release|Any CPU = Release|Any CPU
	EndGlobalSection
	GlobalSection(ProjectConfigurationPlatforms) = postSolution
		{EC5AE772-2AEE-4645-AD74-C21BA9B5D472}.Debug|Any CPU.ActiveCfg = Debug|Any CPU
		{EC5AE772-2AEE-4645-AD74-C21BA9B5D472}.Debug|Any CPU.Build.0 = Debug|Any CPU
		{EC5AE772-2AEE-4645-AD74-C21BA9B5D472}.Release|Any CPU.ActiveCfg = Release|Any CPU
		{EC5AE772-2AEE-4645-AD74-C21BA9B5D472}.Release|Any CPU.Build.0 = Release|Any CPU
		{C225A319-4473-472B-AB3F-72A667D0C2DA}.Debug|Any CPU.ActiveCfg = Debug|Any CPU
		{C225A319-4473-472B-AB3F-72A667D0C2DA}.Debug|Any CPU.Build.0 = Debug|Any CPU
		{C225A319-4473-472B-AB3F-72A667D0C2DA}.Release|Any CPU.ActiveCfg = Release|Any CPU
		{C225A319-4473-472B-AB3F-72A667D0C2DA}.Release|Any CPU.Build.0 = Release|Any CPU
		{121BACB5-D5D8-4F58-BEC0-141CFFDA70C1}.Debug|Any CPU.ActiveCfg = Debug|Any CPU
		{121BACB5-D5D8-4F58-BEC0-141CFFDA70C1}.Debug|Any CPU.Build.0 = Debug|Any CPU
		{121BACB5-D5D8-4F58-BEC0-141CFFDA70C1}.Release|Any CPU.ActiveCfg = Release|Any CPU
		{121BACB5-D5D8-4F58-BEC0-141CFFDA70C1}.Release|Any CPU.Build.0 = Release|Any CPU
		{90F978D6-5448-4DF8-9B09-77D3420F2246}.Debug|Any CPU.ActiveCfg = Debug|Any CPU
		{90F978D6-5448-4DF8-9B09-77D3420F2246}.Debug|Any CPU.Build.0 = Debug|Any CPU
		{90F978D6-5448-4DF8-9B09-77D3420F2246}.Release|Any CPU.ActiveCfg = Release|Any CPU
		{90F978D6-5448-4DF8-9B09-77D3420F2246}.Release|Any CPU.Build.0 = Release|Any CPU
		{8E0E8EC1-CBB9-48D0-B17F-39D8C407B6A7}.Debug|Any CPU.ActiveCfg = Debug|Any CPU
		{8E0E8EC1-CBB9-48D0-B17F-39D8C407B6A7}.Debug|Any CPU.Build.0 = Debug|Any CPU
		{8E0E8EC1-CBB9-48D0-B17F-39D8C407B6A7}.Release|Any CPU.ActiveCfg = Release|Any CPU
		{8E0E8EC1-CBB9-48D0-B17F-39D8C407B6A7}.Release|Any CPU.Build.0 = Release|Any CPU
		{AE7E29D3-F405-447E-9553-D770A6F3C84E}.Debug|Any CPU.ActiveCfg = Debug|Any CPU
		{AE7E29D3-F405-447E-9553-D770A6F3C84E}.Debug|Any CPU.Build.0 = Debug|Any CPU
		{AE7E29D3-F405-447E-9553-D770A6F3C84E}.Release|Any CPU.ActiveCfg = Release|Any CPU
		{AE7E29D3-F405-447E-9553-D770A6F3C84E}.Release|Any CPU.Build.0 = Release|Any CPU
	EndGlobalSection
	GlobalSection(SolutionProperties) = preSolution
		HideSolutionNode = FALSE
	EndGlobalSection
	GlobalSection(NestedProjects) = preSolution
		{EC5AE772-2AEE-4645-AD74-C21BA9B5D472} = {060D0688-A2B6-4170-9C24-F566C330E6A9}
		{C225A319-4473-472B-AB3F-72A667D0C2DA} = {060D0688-A2B6-4170-9C24-F566C330E6A9}
		{121BACB5-D5D8-4F58-BEC0-141CFFDA70C1} = {060D0688-A2B6-4170-9C24-F566C330E6A9}
		{90F978D6-5448-4DF8-9B09-77D3420F2246} = {060D0688-A2B6-4170-9C24-F566C330E6A9}
		{8E0E8EC1-CBB9-48D0-B17F-39D8C407B6A7} = {0FC45687-BA07-4651-9FBF-2C4694B46B2C}
		{AE7E29D3-F405-447E-9553-D770A6F3C84E} = {0FC45687-BA07-4651-9FBF-2C4694B46B2C}
	EndGlobalSection
EndGlobal
